{
  "name": "idhub-official-website",
  "version": "1.0.1",
  "lockfileVersion": 1,
  "requires": true,
  "dependencies": {
    "dom7": {
      "version": "2.0.7",
      "resolved": "https://registry.npmjs.org/dom7/-/dom7-2.0.7.tgz",
      "integrity": "sha512-1M6HYWK1NZR3JyrRYy1JjFc0U+eB+OqzPjeAB05TlY87RDo1XJHS1NdUoNGPwDfZqKyCRTO4NkyCosUsyLiKGQ==",
      "requires": {
        "ssr-window": "1.0.1"
      }
    },
    "object-assign": {
      "version": "4.1.1",
      "resolved": "https://registry.npmjs.org/object-assign/-/object-assign-4.1.1.tgz",
      "integrity": "sha1-IQmtx5ZYh8/AXLvUQsrIv7s2CGM="
    },
    "ssr-window": {
      "version": "1.0.1",
      "resolved": "https://registry.npmjs.org/ssr-window/-/ssr-window-1.0.1.tgz",
      "integrity": "sha512-dgFqB+f00LJTEgb6UXhx0h+SrG50LJvti2yMKMqAgzfUmUXZrLSv2fjULF7AWGwK25EXu8+smLR3jYsJQChPsg=="
    },
    "swiper": {
      "version": "4.3.5",
      "resolved": "https://registry.npmjs.org/swiper/-/swiper-4.3.5.tgz",
      "integrity": "sha512-zFRvMZNFFrXGJWRSJLeD8wkHcIr5uStqk+Cv1fvPDtZxB687PurfjYgK1Ga7j7XQGm5xfCqGMSELNRSaBn36gA==",
      "requires": {
        "dom7": "2.0.7",
        "ssr-window": "1.0.1"
      }
    },
    "vue-awesome-swiper": {
      "version": "3.1.3",
      "resolved": "https://registry.npmjs.org/vue-awesome-swiper/-/vue-awesome-swiper-3.1.3.tgz",
      "integrity": "sha512-E7suzkyApO8vNZbgdEnjSmnpsmQZyRvSVXJ7sey3XYwKPOkLhH3+GnHroBw+5PZIQXvWBwdCeQsPG1xQ1r1Rhg==",
      "requires": {
        "object-assign": "4.1.1",
        "swiper": "4.3.5"
      }
    },
    "vue-i18n": {
      "version": "8.0.0",
      "resolved": "https://registry.npmjs.org/vue-i18n/-/vue-i18n-8.0.0.tgz",
      "integrity": "sha512-Xi4xQEhL96zqXfPcfEM8Dusqmxu2jJBR88t+KGCxT7WoeDa7YHFtN7tauf9ZJQQEKt9kT6PH1+krVMB8tnl7TA=="
    }
  }
}
